{
  "name": "nylilsa.github.io",
  "lockfileVersion": 3,
  "requires": true,
  "packages": {
    "": {
      "dependencies": {
        "fracturedjsonjs": "^4.1.1"
      }
    },
    "node_modules/fracturedjsonjs": {
      "version": "4.1.1",
      "resolved": "https://registry.npmjs.org/fracturedjsonjs/-/fracturedjsonjs-4.1.1.tgz",
      "integrity": "sha512-zpxgrF586btwidqdDRggOviFnihJh2uqompWfV8EkSd0zPROgQKToY2QCPkG+2uzHvt1fmRkqZIWklAnsKuRsA=="
    }
  }
}
